{
  "version": 4,
  "terraform_version": "1.4.6",
  "serial": 5,
  "lineage": "f0562c90-e472-45ec-8518-62d8e08b07f8",
  "outputs": {},
  "resources": [
    {
      "mode": "managed",
      "type": "aws_vpc",
      "name": "myvpc",
      "provider": "provider[\"registry.terraform.io/hashicorp/aws\"]",
      "instances": [
        {
          "schema_version": 1,
          "attributes": {
            "arn": "arn:aws:ec2:us-east-1:232410528183:vpc/vpc-0e6ea99e518c6b965",
            "assign_generated_ipv6_cidr_block": false,
            "cidr_block": "10.0.0.0/16",
            "default_network_acl_id": "acl-0454f2e5a5cf3da85",
            "default_route_table_id": "rtb-0a5b45783d0134cb8",
            "default_security_group_id": "sg-039c7a324b3e0d5fd",
            "dhcp_options_id": "dopt-07cf55bb9d65e2b85",
            "enable_dns_hostnames": false,
            "enable_dns_support": true,
            "enable_network_address_usage_metrics": false,
            "id": "vpc-0e6ea99e518c6b965",
            "instance_tenancy": "default",
            "ipv4_ipam_pool_id": null,
            "ipv4_netmask_length": null,
            "ipv6_association_id": "",
            "ipv6_cidr_block": "",
            "ipv6_cidr_block_network_border_group": "",
            "ipv6_ipam_pool_id": "",
            "ipv6_netmask_length": 0,
            "main_route_table_id": "rtb-0a5b45783d0134cb8",
            "owner_id": "232410528183",
            "tags": null,
            "tags_all": {}
          },
          "sensitive_attributes": [],
          "private": "eyJzY2hlbWFfdmVyc2lvbiI6IjEifQ=="
        }
      ]
    }
  ],
  "check_results": null
}
