{
  "version": 4,
  "terraform_version": "1.4.6",
  "serial": 5,
  "lineage": "c53308ef-dcf5-5633-b5ef-fcc8249b2d87",
  "outputs": {
    "vpc-id": {
      "value": "vpc-075b7c9f0d3c8d80e",
      "type": "string"
    }
  },
  "resources": [
    {
      "mode": "managed",
      "type": "aws_vpc",
      "name": "myvpc",
      "provider": "provider[\"registry.terraform.io/hashicorp/aws\"]",
      "instances": [
        {
          "schema_version": 1,
          "attributes": {
            "arn": "arn:aws:ec2:us-east-1:232410528183:vpc/vpc-075b7c9f0d3c8d80e",
            "assign_generated_ipv6_cidr_block": false,
            "cidr_block": "10.0.0.0/16",
            "default_network_acl_id": "acl-051f24ff06e9a2ec8",
            "default_route_table_id": "rtb-0536405ef039efa7a",
            "default_security_group_id": "sg-06ff3a3cfba32458c",
            "dhcp_options_id": "dopt-07cf55bb9d65e2b85",
            "enable_dns_hostnames": false,
            "enable_dns_support": true,
            "enable_network_address_usage_metrics": false,
            "id": "vpc-075b7c9f0d3c8d80e",
            "instance_tenancy": "default",
            "ipv4_ipam_pool_id": null,
            "ipv4_netmask_length": null,
            "ipv6_association_id": "",
            "ipv6_cidr_block": "",
            "ipv6_cidr_block_network_border_group": "",
            "ipv6_ipam_pool_id": "",
            "ipv6_netmask_length": 0,
            "main_route_table_id": "rtb-0536405ef039efa7a",
            "owner_id": "232410528183",
            "tags": {
              "Name": "morhaf"
            },
            "tags_all": {
              "Name": "morhaf"
            }
          },
          "sensitive_attributes": [],
          "private": "eyJzY2hlbWFfdmVyc2lvbiI6IjEifQ=="
        }
      ]
    }
  ],
  "check_results": null
}
