{
  "version": 4,
  "terraform_version": "1.4.6",
  "serial": 4,
  "lineage": "0d83d2b4-9524-1070-92cd-15939c6733d5",
  "outputs": {},
  "resources": [
    {
      "mode": "managed",
      "type": "aws_iam_policy",
      "name": "glesier",
      "provider": "provider[\"registry.terraform.io/hashicorp/aws\"]",
      "instances": [
        {
          "schema_version": 0,
          "attributes": {
            "arn": "arn:aws:iam::232410528183:policy/morhafpolicy",
            "description": "",
            "id": "arn:aws:iam::232410528183:policy/morhafpolicy",
            "name": "morhafpolicy",
            "name_prefix": "",
            "path": "/",
            "policy": "{\"Statement\":[{\"Action\":[\"glacier:InitiateJob\",\"glacier:AbortMultipartUpload\",\"glacier:CreateVault\",\"glacier:ListTagsForVault\",\"glacier:DeleteVault\",\"glacier:DeleteArchive\",\"glacier:ListParts\",\"glacier:DeleteVaultNotifications\",\"glacier:ListJobs\",\"glacier:ListMultipartUploads\",\"glacier:SetVaultNotifications\",\"glacier:CompleteMultipartUpload\",\"glacier:InitiateMultipartUpload\",\"glacier:UploadMultipartPart\",\"glacier:PurchaseProvisionedCapacity\",\"glacier:UploadArchive\",\"glacier:ListVaults\",\"glacier:ListProvisionedCapacity\"],\"Effect\":\"Allow\",\"Resource\":\"*\",\"Sid\":\"VisualEditor0\"}],\"Version\":\"2012-10-17\"}",
            "policy_id": "ANPATMHF7HG3QKAG4XKDR",
            "tags": null,
            "tags_all": {}
          },
          "sensitive_attributes": [],
          "private": "bnVsbA=="
        }
      ]
    },
    {
      "mode": "managed",
      "type": "aws_iam_policy_attachment",
      "name": "policybind",
      "provider": "provider[\"registry.terraform.io/hashicorp/aws\"]",
      "instances": [
        {
          "schema_version": 0,
          "attributes": {
            "groups": null,
            "id": "attachment",
            "name": "attachment",
            "policy_arn": "arn:aws:iam::232410528183:policy/morhafpolicy",
            "roles": null,
            "users": [
              "morhafsh"
            ]
          },
          "sensitive_attributes": [],
          "private": "bnVsbA==",
          "dependencies": [
            "aws_iam_policy.glesier",
            "aws_iam_user.morhaf"
          ]
        }
      ]
    },
    {
      "mode": "managed",
      "type": "aws_iam_user",
      "name": "morhaf",
      "provider": "provider[\"registry.terraform.io/hashicorp/aws\"]",
      "instances": [
        {
          "schema_version": 0,
          "attributes": {
            "arn": "arn:aws:iam::232410528183:user/morhafsh",
            "force_destroy": false,
            "id": "morhafsh",
            "name": "morhafsh",
            "path": "/",
            "permissions_boundary": null,
            "tags": null,
            "tags_all": {},
            "unique_id": "AIDATMHF7HG3UAOVEJAJS"
          },
          "sensitive_attributes": [],
          "private": "bnVsbA=="
        }
      ]
    }
  ],
  "check_results": null
}
